
Microsoft Visual Studio Solution File, Format Version 12.00
# Visual Studio Version 16
VisualStudioVersion = 16.0.31624.102
MinimumVisualStudioVersion = 10.0.40219.1
Project("{9A19103F-16F7-4668-BE54-9A1E7A4F7556}") = "CircleAreaApp", "CircleAreaApp\CircleAreaApp.csproj", "{777B1829-4A8F-4F89-8889-3DF95520B8E1}"
EndProject
Project("{9A19103F-16F7-4668-BE54-9A1E7A4F7556}") = "CircleAreaWithUserInput", "CircleAreaWithUserInput\CircleAreaWithUserInput.csproj", "{DB2D5B98-B2E2-4291-B589-ED3CD8ABAEE0}"
EndProject
Project("{FAE04EC0-301F-11D3-BF4B-00C04F79EFBC}") = "SSPE_Question01", "SSPE_Question01\SSPE_Question01.csproj", "{7B4C3010-8767-4AE4-BA59-6E143558227C}"
EndProject
Global
	GlobalSection(SolutionConfigurationPlatforms) = preSolution
		Debug|Any CPU = Debug|Any CPU
		Release|Any CPU = Release|Any CPU
	EndGlobalSection
	GlobalSection(ProjectConfigurationPlatforms) = postSolution
		{777B1829-4A8F-4F89-8889-3DF95520B8E1}.Debug|Any CPU.ActiveCfg = Debug|Any CPU
		{777B1829-4A8F-4F89-8889-3DF95520B8E1}.Debug|Any CPU.Build.0 = Debug|Any CPU
		{777B1829-4A8F-4F89-8889-3DF95520B8E1}.Release|Any CPU.ActiveCfg = Release|Any CPU
		{777B1829-4A8F-4F89-8889-3DF95520B8E1}.Release|Any CPU.Build.0 = Release|Any CPU
		{DB2D5B98-B2E2-4291-B589-ED3CD8ABAEE0}.Debug|Any CPU.ActiveCfg = Debug|Any CPU
		{DB2D5B98-B2E2-4291-B589-ED3CD8ABAEE0}.Debug|Any CPU.Build.0 = Debug|Any CPU
		{DB2D5B98-B2E2-4291-B589-ED3CD8ABAEE0}.Release|Any CPU.ActiveCfg = Release|Any CPU
		{DB2D5B98-B2E2-4291-B589-ED3CD8ABAEE0}.Release|Any CPU.Build.0 = Release|Any CPU
		{7B4C3010-8767-4AE4-BA59-6E143558227C}.Debug|Any CPU.ActiveCfg = Debug|Any CPU
		{7B4C3010-8767-4AE4-BA59-6E143558227C}.Debug|Any CPU.Build.0 = Debug|Any CPU
		{7B4C3010-8767-4AE4-BA59-6E143558227C}.Release|Any CPU.ActiveCfg = Release|Any CPU
		{7B4C3010-8767-4AE4-BA59-6E143558227C}.Release|Any CPU.Build.0 = Release|Any CPU
	EndGlobalSection
	GlobalSection(SolutionProperties) = preSolution
		HideSolutionNode = FALSE
	EndGlobalSection
	GlobalSection(ExtensibilityGlobals) = postSolution
		SolutionGuid = {15BCB3BC-9474-40AE-AC66-07C0D661EE0D}
	EndGlobalSection
EndGlobal
