
Microsoft Visual Studio Solution File, Format Version 12.00
# Visual Studio Version 16
VisualStudioVersion = 16.0.31624.102
MinimumVisualStudioVersion = 10.0.40219.1
Project("{9A19103F-16F7-4668-BE54-9A1E7A4F7556}") = "CircleAreaApp", "CircleAreaApp\CircleAreaApp.csproj", "{777B1829-4A8F-4F89-8889-3DF95520B8E1}"
EndProject
Project("{9A19103F-16F7-4668-BE54-9A1E7A4F7556}") = "CircleAreaWithUserInput", "CircleAreaWithUserInput\CircleAreaWithUserInput.csproj", "{DB2D5B98-B2E2-4291-B589-ED3CD8ABAEE0}"
EndProject
Project("{9A19103F-16F7-4668-BE54-9A1E7A4F7556}") = "SSPE_Question01", "SSPE_Question01\SSPE_Question01.csproj", "{7B4C3010-8767-4AE4-BA59-6E143558227C}"
EndProject
Project("{9A19103F-16F7-4668-BE54-9A1E7A4F7556}") = "SSPE_Question02", "SSPE_Question02\SSPE_Question02.csproj", "{DC4263E9-7F11-446D-9BEF-A5020B0BC67D}"
EndProject
Project("{9A19103F-16F7-4668-BE54-9A1E7A4F7556}") = "SSPE_Question03", "SSPE_Question03\SSPE_Question03.csproj", "{23E53C8C-6B48-4A73-AC3D-2E409E913347}"
EndProject
Project("{9A19103F-16F7-4668-BE54-9A1E7A4F7556}") = "SSPE_Question04", "SSPE_Question04\SSPE_Question04.csproj", "{72503602-CEB0-4A4B-B4BA-35E83E03B6B4}"
EndProject
Project("{9A19103F-16F7-4668-BE54-9A1E7A4F7556}") = "SSPE_Question05", "SSPE_Question05\SSPE_Question05.csproj", "{D4DA93D2-8BEC-4304-AB17-5B3279F3207C}"
EndProject
Project("{9A19103F-16F7-4668-BE54-9A1E7A4F7556}") = "StringFormattingDemo", "StringFormattingDemo\StringFormattingDemo.csproj", "{BD331140-804E-46C0-B578-CC6C544C8D12}"
EndProject
Project("{9A19103F-16F7-4668-BE54-9A1E7A4F7556}") = "DMP_Questoin01", "DMP_Questoin01\DMP_Questoin01.csproj", "{E8B533F5-D250-48C2-AA78-65E56C246BF4}"
EndProject
Project("{9A19103F-16F7-4668-BE54-9A1E7A4F7556}") = "DMP_Question02", "DMP_Question02\DMP_Question02.csproj", "{D46493DC-8C07-4252-8D5B-142A62CA601F}"
EndProject
Project("{9A19103F-16F7-4668-BE54-9A1E7A4F7556}") = "DMP_Question03", "DMP_Question03\DMP_Question03.csproj", "{4EF46D20-5096-4997-AFF9-960B692D7F78}"
EndProject
Project("{9A19103F-16F7-4668-BE54-9A1E7A4F7556}") = "DMP_Question04", "DMP_Question04\DMP_Question04.csproj", "{1D688A5B-A3E5-44FB-9B44-B5735B9B074C}"
EndProject
Project("{9A19103F-16F7-4668-BE54-9A1E7A4F7556}") = "DMP_Switch_Question01", "DMP_Switch_Question01\DMP_Switch_Question01.csproj", "{B99327CA-CB37-48F7-9F3B-19A5F56C6691}"
EndProject
Project("{9A19103F-16F7-4668-BE54-9A1E7A4F7556}") = "GuessNumberOneTime", "GuessNumberOneTime\GuessNumberOneTime.csproj", "{1DF68521-BBBB-4A0D-AAC9-108F3F57B56E}"
EndProject
Project("{9A19103F-16F7-4668-BE54-9A1E7A4F7556}") = "GuessNumber", "GuessNumber\GuessNumber.csproj", "{9BF6A305-855D-41B3-B510-0D6AA5B574B0}"
EndProject
Project("{9A19103F-16F7-4668-BE54-9A1E7A4F7556}") = "GuessNumberWithBooleanFlag", "GuessNumberWithBooleanFlag\GuessNumberWithBooleanFlag.csproj", "{B0ADA910-728B-44D8-A84E-D5AB6D72EF9E}"
EndProject
Project("{9A19103F-16F7-4668-BE54-9A1E7A4F7556}") = "GuessNumberWithDoWhile", "GuessNumberWithDoWhile\GuessNumberWithDoWhile.csproj", "{0E8D2B35-C7CC-412D-A79F-374E4818C1B4}"
EndProject
Project("{9A19103F-16F7-4668-BE54-9A1E7A4F7556}") = "RectanglePattern", "RectanglePattern\RectanglePattern.csproj", "{6158E88F-F8AA-4423-834D-8780B0A59AF3}"
EndProject
Project("{9A19103F-16F7-4668-BE54-9A1E7A4F7556}") = "RectangleBoxPattern", "RectangleBoxPattern\RectangleBoxPattern.csproj", "{47E1109C-BDA7-4C7B-A931-739E0B503F39}"
EndProject
Project("{9A19103F-16F7-4668-BE54-9A1E7A4F7556}") = "TriangleBoxPattern", "TriangleBoxPattern\TriangleBoxPattern.csproj", "{1A1EAACA-D884-477E-B342-0555FF855D84}"
EndProject
Project("{9A19103F-16F7-4668-BE54-9A1E7A4F7556}") = "SwitchDemo", "SwitchDemo\SwitchDemo.csproj", "{EA611301-491A-45AE-880D-C877ED466793}"
EndProject
Project("{9A19103F-16F7-4668-BE54-9A1E7A4F7556}") = "CupConverter", "CupConverter\CupConverter.csproj", "{C992647F-B049-42FD-BBD4-7C69D973AD02}"
EndProject
Project("{9A19103F-16F7-4668-BE54-9A1E7A4F7556}") = "MathTutor01", "MathTutor01\MathTutor01.csproj", "{2F4C1ECA-B275-40A7-B6FD-4C47E80FE172}"
EndProject
Project("{9A19103F-16F7-4668-BE54-9A1E7A4F7556}") = "MathTutor02", "MathTutor02\MathTutor02.csproj", "{E8B50AC8-EFAA-412E-AA15-DDE2715CA2E4}"
EndProject
Project("{9A19103F-16F7-4668-BE54-9A1E7A4F7556}") = "MathTutor03", "MathTutor03\MathTutor03.csproj", "{D79F85B8-D1AE-469C-BEC4-960B456D0920}"
EndProject
Project("{9A19103F-16F7-4668-BE54-9A1E7A4F7556}") = "MathTutor04", "MathTutor04\MathTutor04.csproj", "{AE6E0115-A157-4E07-BBBA-60C092C01658}"
EndProject
Project("{9A19103F-16F7-4668-BE54-9A1E7A4F7556}") = "DiceRollSimulation", "DiceRollSimulation\DiceRollSimulation.csproj", "{94EF918E-04BE-40E2-ACDF-44BFC01A9AE3}"
EndProject
Project("{9A19103F-16F7-4668-BE54-9A1E7A4F7556}") = "FactorialApp01", "FactorialApp01\FactorialApp01.csproj", "{F1A633D1-F0C3-4EB7-826C-7536AC948C72}"
EndProject
Project("{9A19103F-16F7-4668-BE54-9A1E7A4F7556}") = "LP2_Question1", "LP2_Question1\LP2_Question1.csproj", "{25C88FB0-B924-4E0D-AD81-7040520ACB36}"
EndProject
Project("{9A19103F-16F7-4668-BE54-9A1E7A4F7556}") = "LP1_Question2", "LPE_Question2\LP1_Question2.csproj", "{CC86C7FD-4FB8-440B-AD33-190DB150C0A2}"
EndProject
Project("{9A19103F-16F7-4668-BE54-9A1E7A4F7556}") = "LP1_Question1", "LPE1_Question\LP1_Question1.csproj", "{F6C9BFED-8CCF-4B28-AB59-7C60B4664892}"
EndProject
Project("{9A19103F-16F7-4668-BE54-9A1E7A4F7556}") = "LP1_Question3", "LP1_Question3\LP1_Question3.csproj", "{047C1327-BCB1-4CFF-9459-117A8FACBFAE}"
EndProject
Project("{9A19103F-16F7-4668-BE54-9A1E7A4F7556}") = "ArrayDemo01", "ArrayDemo01\ArrayDemo01.csproj", "{DD07A771-BE83-430F-AFF0-E89707513D8E}"
EndProject
Project("{9A19103F-16F7-4668-BE54-9A1E7A4F7556}") = "ArrayDemo02", "ArrayDemo02\ArrayDemo02.csproj", "{86A77F82-A03D-4D64-B2A9-15E99DAAC52F}"
EndProject
Project("{9A19103F-16F7-4668-BE54-9A1E7A4F7556}") = "MP1_Question01", "MP1_Question01\MP1_Question01.csproj", "{E8EF7610-B08C-4CE2-A275-78FCA08913BF}"
EndProject
Project("{9A19103F-16F7-4668-BE54-9A1E7A4F7556}") = "MP1_Question02", "MP1_Question02\MP1_Question02.csproj", "{F3DB97B8-558C-45CE-AAA9-B18779EFF880}"
EndProject
Project("{9A19103F-16F7-4668-BE54-9A1E7A4F7556}") = "MP1_Question03", "MP1_Question03\MP1_Question03.csproj", "{F9E6F742-B672-4D80-85F0-0523A2B8E2EE}"
EndProject
Project("{9A19103F-16F7-4668-BE54-9A1E7A4F7556}") = "MP2_Question01", "MP2_Question01\MP2_Question01.csproj", "{8E44BBB9-5825-4D74-AAD6-5CEFC6AF90E5}"
EndProject
Project("{9A19103F-16F7-4668-BE54-9A1E7A4F7556}") = "MP3_Question02", "MP3_Question02\MP3_Question02.csproj", "{69F07850-5AD2-4A47-A6E1-B1C7FE727F38}"
EndProject
Project("{9A19103F-16F7-4668-BE54-9A1E7A4F7556}") = "MP2_Question02", "MP2_Question02\MP2_Question02.csproj", "{4C3B67D8-A615-43E7-A4CD-E3C77BD923C4}"
EndProject
Project("{9A19103F-16F7-4668-BE54-9A1E7A4F7556}") = "MP2_Question03", "MP2_Question03\MP2_Question03.csproj", "{F6F0782A-EC11-4B67-BB79-A35D1D2BCABA}"
EndProject
Project("{9A19103F-16F7-4668-BE54-9A1E7A4F7556}") = "MP3_Question01", "MP3_Question01\MP3_Question01.csproj", "{67DDA00F-847F-452E-A874-417EB9A472AE}"
EndProject
Project("{9A19103F-16F7-4668-BE54-9A1E7A4F7556}") = "MP3_Question03", "MP3_Question03\MP3_Question03.csproj", "{CFE6D34D-4220-4471-978C-421D83F10772}"
EndProject
Project("{9A19103F-16F7-4668-BE54-9A1E7A4F7556}") = "MP3_Question04", "MP3_Question04\MP3_Question04.csproj", "{ED217DBD-9515-49C1-8314-CEB2319F9AE7}"
EndProject
Project("{9A19103F-16F7-4668-BE54-9A1E7A4F7556}") = "MP3_Question05", "MP3_Question05\MP3_Question05.csproj", "{02D403B8-1DDB-41DC-9901-8B5539C0FA44}"
EndProject
Project("{FAE04EC0-301F-11D3-BF4B-00C04F79EFBC}") = "ParallelArraysDemo01", "ParallelArraysDemo01\ParallelArraysDemo01.csproj", "{7F49A298-F5A0-4B62-9F8A-59B55F86E459}"
EndProject
Global
	GlobalSection(SolutionConfigurationPlatforms) = preSolution
		Debug|Any CPU = Debug|Any CPU
		Release|Any CPU = Release|Any CPU
	EndGlobalSection
	GlobalSection(ProjectConfigurationPlatforms) = postSolution
		{777B1829-4A8F-4F89-8889-3DF95520B8E1}.Debug|Any CPU.ActiveCfg = Debug|Any CPU
		{777B1829-4A8F-4F89-8889-3DF95520B8E1}.Debug|Any CPU.Build.0 = Debug|Any CPU
		{777B1829-4A8F-4F89-8889-3DF95520B8E1}.Release|Any CPU.ActiveCfg = Release|Any CPU
		{777B1829-4A8F-4F89-8889-3DF95520B8E1}.Release|Any CPU.Build.0 = Release|Any CPU
		{DB2D5B98-B2E2-4291-B589-ED3CD8ABAEE0}.Debug|Any CPU.ActiveCfg = Debug|Any CPU
		{DB2D5B98-B2E2-4291-B589-ED3CD8ABAEE0}.Debug|Any CPU.Build.0 = Debug|Any CPU
		{DB2D5B98-B2E2-4291-B589-ED3CD8ABAEE0}.Release|Any CPU.ActiveCfg = Release|Any CPU
		{DB2D5B98-B2E2-4291-B589-ED3CD8ABAEE0}.Release|Any CPU.Build.0 = Release|Any CPU
		{7B4C3010-8767-4AE4-BA59-6E143558227C}.Debug|Any CPU.ActiveCfg = Debug|Any CPU
		{7B4C3010-8767-4AE4-BA59-6E143558227C}.Debug|Any CPU.Build.0 = Debug|Any CPU
		{7B4C3010-8767-4AE4-BA59-6E143558227C}.Release|Any CPU.ActiveCfg = Release|Any CPU
		{7B4C3010-8767-4AE4-BA59-6E143558227C}.Release|Any CPU.Build.0 = Release|Any CPU
		{DC4263E9-7F11-446D-9BEF-A5020B0BC67D}.Debug|Any CPU.ActiveCfg = Debug|Any CPU
		{DC4263E9-7F11-446D-9BEF-A5020B0BC67D}.Debug|Any CPU.Build.0 = Debug|Any CPU
		{DC4263E9-7F11-446D-9BEF-A5020B0BC67D}.Release|Any CPU.ActiveCfg = Release|Any CPU
		{DC4263E9-7F11-446D-9BEF-A5020B0BC67D}.Release|Any CPU.Build.0 = Release|Any CPU
		{23E53C8C-6B48-4A73-AC3D-2E409E913347}.Debug|Any CPU.ActiveCfg = Debug|Any CPU
		{23E53C8C-6B48-4A73-AC3D-2E409E913347}.Debug|Any CPU.Build.0 = Debug|Any CPU
		{23E53C8C-6B48-4A73-AC3D-2E409E913347}.Release|Any CPU.ActiveCfg = Release|Any CPU
		{23E53C8C-6B48-4A73-AC3D-2E409E913347}.Release|Any CPU.Build.0 = Release|Any CPU
		{72503602-CEB0-4A4B-B4BA-35E83E03B6B4}.Debug|Any CPU.ActiveCfg = Debug|Any CPU
		{72503602-CEB0-4A4B-B4BA-35E83E03B6B4}.Debug|Any CPU.Build.0 = Debug|Any CPU
		{72503602-CEB0-4A4B-B4BA-35E83E03B6B4}.Release|Any CPU.ActiveCfg = Release|Any CPU
		{72503602-CEB0-4A4B-B4BA-35E83E03B6B4}.Release|Any CPU.Build.0 = Release|Any CPU
		{D4DA93D2-8BEC-4304-AB17-5B3279F3207C}.Debug|Any CPU.ActiveCfg = Debug|Any CPU
		{D4DA93D2-8BEC-4304-AB17-5B3279F3207C}.Debug|Any CPU.Build.0 = Debug|Any CPU
		{D4DA93D2-8BEC-4304-AB17-5B3279F3207C}.Release|Any CPU.ActiveCfg = Release|Any CPU
		{D4DA93D2-8BEC-4304-AB17-5B3279F3207C}.Release|Any CPU.Build.0 = Release|Any CPU
		{BD331140-804E-46C0-B578-CC6C544C8D12}.Debug|Any CPU.ActiveCfg = Debug|Any CPU
		{BD331140-804E-46C0-B578-CC6C544C8D12}.Debug|Any CPU.Build.0 = Debug|Any CPU
		{BD331140-804E-46C0-B578-CC6C544C8D12}.Release|Any CPU.ActiveCfg = Release|Any CPU
		{BD331140-804E-46C0-B578-CC6C544C8D12}.Release|Any CPU.Build.0 = Release|Any CPU
		{E8B533F5-D250-48C2-AA78-65E56C246BF4}.Debug|Any CPU.ActiveCfg = Debug|Any CPU
		{E8B533F5-D250-48C2-AA78-65E56C246BF4}.Debug|Any CPU.Build.0 = Debug|Any CPU
		{E8B533F5-D250-48C2-AA78-65E56C246BF4}.Release|Any CPU.ActiveCfg = Release|Any CPU
		{E8B533F5-D250-48C2-AA78-65E56C246BF4}.Release|Any CPU.Build.0 = Release|Any CPU
		{D46493DC-8C07-4252-8D5B-142A62CA601F}.Debug|Any CPU.ActiveCfg = Debug|Any CPU
		{D46493DC-8C07-4252-8D5B-142A62CA601F}.Debug|Any CPU.Build.0 = Debug|Any CPU
		{D46493DC-8C07-4252-8D5B-142A62CA601F}.Release|Any CPU.ActiveCfg = Release|Any CPU
		{D46493DC-8C07-4252-8D5B-142A62CA601F}.Release|Any CPU.Build.0 = Release|Any CPU
		{4EF46D20-5096-4997-AFF9-960B692D7F78}.Debug|Any CPU.ActiveCfg = Debug|Any CPU
		{4EF46D20-5096-4997-AFF9-960B692D7F78}.Debug|Any CPU.Build.0 = Debug|Any CPU
		{4EF46D20-5096-4997-AFF9-960B692D7F78}.Release|Any CPU.ActiveCfg = Release|Any CPU
		{4EF46D20-5096-4997-AFF9-960B692D7F78}.Release|Any CPU.Build.0 = Release|Any CPU
		{1D688A5B-A3E5-44FB-9B44-B5735B9B074C}.Debug|Any CPU.ActiveCfg = Debug|Any CPU
		{1D688A5B-A3E5-44FB-9B44-B5735B9B074C}.Debug|Any CPU.Build.0 = Debug|Any CPU
		{1D688A5B-A3E5-44FB-9B44-B5735B9B074C}.Release|Any CPU.ActiveCfg = Release|Any CPU
		{1D688A5B-A3E5-44FB-9B44-B5735B9B074C}.Release|Any CPU.Build.0 = Release|Any CPU
		{B99327CA-CB37-48F7-9F3B-19A5F56C6691}.Debug|Any CPU.ActiveCfg = Debug|Any CPU
		{B99327CA-CB37-48F7-9F3B-19A5F56C6691}.Debug|Any CPU.Build.0 = Debug|Any CPU
		{B99327CA-CB37-48F7-9F3B-19A5F56C6691}.Release|Any CPU.ActiveCfg = Release|Any CPU
		{B99327CA-CB37-48F7-9F3B-19A5F56C6691}.Release|Any CPU.Build.0 = Release|Any CPU
		{1DF68521-BBBB-4A0D-AAC9-108F3F57B56E}.Debug|Any CPU.ActiveCfg = Debug|Any CPU
		{1DF68521-BBBB-4A0D-AAC9-108F3F57B56E}.Debug|Any CPU.Build.0 = Debug|Any CPU
		{1DF68521-BBBB-4A0D-AAC9-108F3F57B56E}.Release|Any CPU.ActiveCfg = Release|Any CPU
		{1DF68521-BBBB-4A0D-AAC9-108F3F57B56E}.Release|Any CPU.Build.0 = Release|Any CPU
		{9BF6A305-855D-41B3-B510-0D6AA5B574B0}.Debug|Any CPU.ActiveCfg = Debug|Any CPU
		{9BF6A305-855D-41B3-B510-0D6AA5B574B0}.Debug|Any CPU.Build.0 = Debug|Any CPU
		{9BF6A305-855D-41B3-B510-0D6AA5B574B0}.Release|Any CPU.ActiveCfg = Release|Any CPU
		{9BF6A305-855D-41B3-B510-0D6AA5B574B0}.Release|Any CPU.Build.0 = Release|Any CPU
		{B0ADA910-728B-44D8-A84E-D5AB6D72EF9E}.Debug|Any CPU.ActiveCfg = Debug|Any CPU
		{B0ADA910-728B-44D8-A84E-D5AB6D72EF9E}.Debug|Any CPU.Build.0 = Debug|Any CPU
		{B0ADA910-728B-44D8-A84E-D5AB6D72EF9E}.Release|Any CPU.ActiveCfg = Release|Any CPU
		{B0ADA910-728B-44D8-A84E-D5AB6D72EF9E}.Release|Any CPU.Build.0 = Release|Any CPU
		{0E8D2B35-C7CC-412D-A79F-374E4818C1B4}.Debug|Any CPU.ActiveCfg = Debug|Any CPU
		{0E8D2B35-C7CC-412D-A79F-374E4818C1B4}.Debug|Any CPU.Build.0 = Debug|Any CPU
		{0E8D2B35-C7CC-412D-A79F-374E4818C1B4}.Release|Any CPU.ActiveCfg = Release|Any CPU
		{0E8D2B35-C7CC-412D-A79F-374E4818C1B4}.Release|Any CPU.Build.0 = Release|Any CPU
		{6158E88F-F8AA-4423-834D-8780B0A59AF3}.Debug|Any CPU.ActiveCfg = Debug|Any CPU
		{6158E88F-F8AA-4423-834D-8780B0A59AF3}.Debug|Any CPU.Build.0 = Debug|Any CPU
		{6158E88F-F8AA-4423-834D-8780B0A59AF3}.Release|Any CPU.ActiveCfg = Release|Any CPU
		{6158E88F-F8AA-4423-834D-8780B0A59AF3}.Release|Any CPU.Build.0 = Release|Any CPU
		{47E1109C-BDA7-4C7B-A931-739E0B503F39}.Debug|Any CPU.ActiveCfg = Debug|Any CPU
		{47E1109C-BDA7-4C7B-A931-739E0B503F39}.Debug|Any CPU.Build.0 = Debug|Any CPU
		{47E1109C-BDA7-4C7B-A931-739E0B503F39}.Release|Any CPU.ActiveCfg = Release|Any CPU
		{47E1109C-BDA7-4C7B-A931-739E0B503F39}.Release|Any CPU.Build.0 = Release|Any CPU
		{1A1EAACA-D884-477E-B342-0555FF855D84}.Debug|Any CPU.ActiveCfg = Debug|Any CPU
		{1A1EAACA-D884-477E-B342-0555FF855D84}.Debug|Any CPU.Build.0 = Debug|Any CPU
		{1A1EAACA-D884-477E-B342-0555FF855D84}.Release|Any CPU.ActiveCfg = Release|Any CPU
		{1A1EAACA-D884-477E-B342-0555FF855D84}.Release|Any CPU.Build.0 = Release|Any CPU
		{EA611301-491A-45AE-880D-C877ED466793}.Debug|Any CPU.ActiveCfg = Debug|Any CPU
		{EA611301-491A-45AE-880D-C877ED466793}.Debug|Any CPU.Build.0 = Debug|Any CPU
		{EA611301-491A-45AE-880D-C877ED466793}.Release|Any CPU.ActiveCfg = Release|Any CPU
		{EA611301-491A-45AE-880D-C877ED466793}.Release|Any CPU.Build.0 = Release|Any CPU
		{C992647F-B049-42FD-BBD4-7C69D973AD02}.Debug|Any CPU.ActiveCfg = Debug|Any CPU
		{C992647F-B049-42FD-BBD4-7C69D973AD02}.Debug|Any CPU.Build.0 = Debug|Any CPU
		{C992647F-B049-42FD-BBD4-7C69D973AD02}.Release|Any CPU.ActiveCfg = Release|Any CPU
		{C992647F-B049-42FD-BBD4-7C69D973AD02}.Release|Any CPU.Build.0 = Release|Any CPU
		{2F4C1ECA-B275-40A7-B6FD-4C47E80FE172}.Debug|Any CPU.ActiveCfg = Debug|Any CPU
		{2F4C1ECA-B275-40A7-B6FD-4C47E80FE172}.Debug|Any CPU.Build.0 = Debug|Any CPU
		{2F4C1ECA-B275-40A7-B6FD-4C47E80FE172}.Release|Any CPU.ActiveCfg = Release|Any CPU
		{2F4C1ECA-B275-40A7-B6FD-4C47E80FE172}.Release|Any CPU.Build.0 = Release|Any CPU
		{E8B50AC8-EFAA-412E-AA15-DDE2715CA2E4}.Debug|Any CPU.ActiveCfg = Debug|Any CPU
		{E8B50AC8-EFAA-412E-AA15-DDE2715CA2E4}.Debug|Any CPU.Build.0 = Debug|Any CPU
		{E8B50AC8-EFAA-412E-AA15-DDE2715CA2E4}.Release|Any CPU.ActiveCfg = Release|Any CPU
		{E8B50AC8-EFAA-412E-AA15-DDE2715CA2E4}.Release|Any CPU.Build.0 = Release|Any CPU
		{D79F85B8-D1AE-469C-BEC4-960B456D0920}.Debug|Any CPU.ActiveCfg = Debug|Any CPU
		{D79F85B8-D1AE-469C-BEC4-960B456D0920}.Debug|Any CPU.Build.0 = Debug|Any CPU
		{D79F85B8-D1AE-469C-BEC4-960B456D0920}.Release|Any CPU.ActiveCfg = Release|Any CPU
		{D79F85B8-D1AE-469C-BEC4-960B456D0920}.Release|Any CPU.Build.0 = Release|Any CPU
		{AE6E0115-A157-4E07-BBBA-60C092C01658}.Debug|Any CPU.ActiveCfg = Debug|Any CPU
		{AE6E0115-A157-4E07-BBBA-60C092C01658}.Debug|Any CPU.Build.0 = Debug|Any CPU
		{AE6E0115-A157-4E07-BBBA-60C092C01658}.Release|Any CPU.ActiveCfg = Release|Any CPU
		{AE6E0115-A157-4E07-BBBA-60C092C01658}.Release|Any CPU.Build.0 = Release|Any CPU
		{94EF918E-04BE-40E2-ACDF-44BFC01A9AE3}.Debug|Any CPU.ActiveCfg = Debug|Any CPU
		{94EF918E-04BE-40E2-ACDF-44BFC01A9AE3}.Debug|Any CPU.Build.0 = Debug|Any CPU
		{94EF918E-04BE-40E2-ACDF-44BFC01A9AE3}.Release|Any CPU.ActiveCfg = Release|Any CPU
		{94EF918E-04BE-40E2-ACDF-44BFC01A9AE3}.Release|Any CPU.Build.0 = Release|Any CPU
		{F1A633D1-F0C3-4EB7-826C-7536AC948C72}.Debug|Any CPU.ActiveCfg = Debug|Any CPU
		{F1A633D1-F0C3-4EB7-826C-7536AC948C72}.Debug|Any CPU.Build.0 = Debug|Any CPU
		{F1A633D1-F0C3-4EB7-826C-7536AC948C72}.Release|Any CPU.ActiveCfg = Release|Any CPU
		{F1A633D1-F0C3-4EB7-826C-7536AC948C72}.Release|Any CPU.Build.0 = Release|Any CPU
		{25C88FB0-B924-4E0D-AD81-7040520ACB36}.Debug|Any CPU.ActiveCfg = Debug|Any CPU
		{25C88FB0-B924-4E0D-AD81-7040520ACB36}.Debug|Any CPU.Build.0 = Debug|Any CPU
		{25C88FB0-B924-4E0D-AD81-7040520ACB36}.Release|Any CPU.ActiveCfg = Release|Any CPU
		{25C88FB0-B924-4E0D-AD81-7040520ACB36}.Release|Any CPU.Build.0 = Release|Any CPU
		{CC86C7FD-4FB8-440B-AD33-190DB150C0A2}.Debug|Any CPU.ActiveCfg = Debug|Any CPU
		{CC86C7FD-4FB8-440B-AD33-190DB150C0A2}.Debug|Any CPU.Build.0 = Debug|Any CPU
		{CC86C7FD-4FB8-440B-AD33-190DB150C0A2}.Release|Any CPU.ActiveCfg = Release|Any CPU
		{CC86C7FD-4FB8-440B-AD33-190DB150C0A2}.Release|Any CPU.Build.0 = Release|Any CPU
		{F6C9BFED-8CCF-4B28-AB59-7C60B4664892}.Debug|Any CPU.ActiveCfg = Debug|Any CPU
		{F6C9BFED-8CCF-4B28-AB59-7C60B4664892}.Debug|Any CPU.Build.0 = Debug|Any CPU
		{F6C9BFED-8CCF-4B28-AB59-7C60B4664892}.Release|Any CPU.ActiveCfg = Release|Any CPU
		{F6C9BFED-8CCF-4B28-AB59-7C60B4664892}.Release|Any CPU.Build.0 = Release|Any CPU
		{047C1327-BCB1-4CFF-9459-117A8FACBFAE}.Debug|Any CPU.ActiveCfg = Debug|Any CPU
		{047C1327-BCB1-4CFF-9459-117A8FACBFAE}.Debug|Any CPU.Build.0 = Debug|Any CPU
		{047C1327-BCB1-4CFF-9459-117A8FACBFAE}.Release|Any CPU.ActiveCfg = Release|Any CPU
		{047C1327-BCB1-4CFF-9459-117A8FACBFAE}.Release|Any CPU.Build.0 = Release|Any CPU
		{DD07A771-BE83-430F-AFF0-E89707513D8E}.Debug|Any CPU.ActiveCfg = Debug|Any CPU
		{DD07A771-BE83-430F-AFF0-E89707513D8E}.Debug|Any CPU.Build.0 = Debug|Any CPU
		{DD07A771-BE83-430F-AFF0-E89707513D8E}.Release|Any CPU.ActiveCfg = Release|Any CPU
		{DD07A771-BE83-430F-AFF0-E89707513D8E}.Release|Any CPU.Build.0 = Release|Any CPU
		{86A77F82-A03D-4D64-B2A9-15E99DAAC52F}.Debug|Any CPU.ActiveCfg = Debug|Any CPU
		{86A77F82-A03D-4D64-B2A9-15E99DAAC52F}.Debug|Any CPU.Build.0 = Debug|Any CPU
		{86A77F82-A03D-4D64-B2A9-15E99DAAC52F}.Release|Any CPU.ActiveCfg = Release|Any CPU
		{86A77F82-A03D-4D64-B2A9-15E99DAAC52F}.Release|Any CPU.Build.0 = Release|Any CPU
		{E8EF7610-B08C-4CE2-A275-78FCA08913BF}.Debug|Any CPU.ActiveCfg = Debug|Any CPU
		{E8EF7610-B08C-4CE2-A275-78FCA08913BF}.Debug|Any CPU.Build.0 = Debug|Any CPU
		{E8EF7610-B08C-4CE2-A275-78FCA08913BF}.Release|Any CPU.ActiveCfg = Release|Any CPU
		{E8EF7610-B08C-4CE2-A275-78FCA08913BF}.Release|Any CPU.Build.0 = Release|Any CPU
		{F3DB97B8-558C-45CE-AAA9-B18779EFF880}.Debug|Any CPU.ActiveCfg = Debug|Any CPU
		{F3DB97B8-558C-45CE-AAA9-B18779EFF880}.Debug|Any CPU.Build.0 = Debug|Any CPU
		{F3DB97B8-558C-45CE-AAA9-B18779EFF880}.Release|Any CPU.ActiveCfg = Release|Any CPU
		{F3DB97B8-558C-45CE-AAA9-B18779EFF880}.Release|Any CPU.Build.0 = Release|Any CPU
		{F9E6F742-B672-4D80-85F0-0523A2B8E2EE}.Debug|Any CPU.ActiveCfg = Debug|Any CPU
		{F9E6F742-B672-4D80-85F0-0523A2B8E2EE}.Debug|Any CPU.Build.0 = Debug|Any CPU
		{F9E6F742-B672-4D80-85F0-0523A2B8E2EE}.Release|Any CPU.ActiveCfg = Release|Any CPU
		{F9E6F742-B672-4D80-85F0-0523A2B8E2EE}.Release|Any CPU.Build.0 = Release|Any CPU
		{8E44BBB9-5825-4D74-AAD6-5CEFC6AF90E5}.Debug|Any CPU.ActiveCfg = Debug|Any CPU
		{8E44BBB9-5825-4D74-AAD6-5CEFC6AF90E5}.Debug|Any CPU.Build.0 = Debug|Any CPU
		{8E44BBB9-5825-4D74-AAD6-5CEFC6AF90E5}.Release|Any CPU.ActiveCfg = Release|Any CPU
		{8E44BBB9-5825-4D74-AAD6-5CEFC6AF90E5}.Release|Any CPU.Build.0 = Release|Any CPU
		{69F07850-5AD2-4A47-A6E1-B1C7FE727F38}.Debug|Any CPU.ActiveCfg = Debug|Any CPU
		{69F07850-5AD2-4A47-A6E1-B1C7FE727F38}.Debug|Any CPU.Build.0 = Debug|Any CPU
		{69F07850-5AD2-4A47-A6E1-B1C7FE727F38}.Release|Any CPU.ActiveCfg = Release|Any CPU
		{69F07850-5AD2-4A47-A6E1-B1C7FE727F38}.Release|Any CPU.Build.0 = Release|Any CPU
		{4C3B67D8-A615-43E7-A4CD-E3C77BD923C4}.Debug|Any CPU.ActiveCfg = Debug|Any CPU
		{4C3B67D8-A615-43E7-A4CD-E3C77BD923C4}.Debug|Any CPU.Build.0 = Debug|Any CPU
		{4C3B67D8-A615-43E7-A4CD-E3C77BD923C4}.Release|Any CPU.ActiveCfg = Release|Any CPU
		{4C3B67D8-A615-43E7-A4CD-E3C77BD923C4}.Release|Any CPU.Build.0 = Release|Any CPU
		{F6F0782A-EC11-4B67-BB79-A35D1D2BCABA}.Debug|Any CPU.ActiveCfg = Debug|Any CPU
		{F6F0782A-EC11-4B67-BB79-A35D1D2BCABA}.Debug|Any CPU.Build.0 = Debug|Any CPU
		{F6F0782A-EC11-4B67-BB79-A35D1D2BCABA}.Release|Any CPU.ActiveCfg = Release|Any CPU
		{F6F0782A-EC11-4B67-BB79-A35D1D2BCABA}.Release|Any CPU.Build.0 = Release|Any CPU
		{67DDA00F-847F-452E-A874-417EB9A472AE}.Debug|Any CPU.ActiveCfg = Debug|Any CPU
		{67DDA00F-847F-452E-A874-417EB9A472AE}.Debug|Any CPU.Build.0 = Debug|Any CPU
		{67DDA00F-847F-452E-A874-417EB9A472AE}.Release|Any CPU.ActiveCfg = Release|Any CPU
		{67DDA00F-847F-452E-A874-417EB9A472AE}.Release|Any CPU.Build.0 = Release|Any CPU
		{CFE6D34D-4220-4471-978C-421D83F10772}.Debug|Any CPU.ActiveCfg = Debug|Any CPU
		{CFE6D34D-4220-4471-978C-421D83F10772}.Debug|Any CPU.Build.0 = Debug|Any CPU
		{CFE6D34D-4220-4471-978C-421D83F10772}.Release|Any CPU.ActiveCfg = Release|Any CPU
		{CFE6D34D-4220-4471-978C-421D83F10772}.Release|Any CPU.Build.0 = Release|Any CPU
		{ED217DBD-9515-49C1-8314-CEB2319F9AE7}.Debug|Any CPU.ActiveCfg = Debug|Any CPU
		{ED217DBD-9515-49C1-8314-CEB2319F9AE7}.Debug|Any CPU.Build.0 = Debug|Any CPU
		{ED217DBD-9515-49C1-8314-CEB2319F9AE7}.Release|Any CPU.ActiveCfg = Release|Any CPU
		{ED217DBD-9515-49C1-8314-CEB2319F9AE7}.Release|Any CPU.Build.0 = Release|Any CPU
		{02D403B8-1DDB-41DC-9901-8B5539C0FA44}.Debug|Any CPU.ActiveCfg = Debug|Any CPU
		{02D403B8-1DDB-41DC-9901-8B5539C0FA44}.Debug|Any CPU.Build.0 = Debug|Any CPU
		{02D403B8-1DDB-41DC-9901-8B5539C0FA44}.Release|Any CPU.ActiveCfg = Release|Any CPU
		{02D403B8-1DDB-41DC-9901-8B5539C0FA44}.Release|Any CPU.Build.0 = Release|Any CPU
		{7F49A298-F5A0-4B62-9F8A-59B55F86E459}.Debug|Any CPU.ActiveCfg = Debug|Any CPU
		{7F49A298-F5A0-4B62-9F8A-59B55F86E459}.Debug|Any CPU.Build.0 = Debug|Any CPU
		{7F49A298-F5A0-4B62-9F8A-59B55F86E459}.Release|Any CPU.ActiveCfg = Release|Any CPU
		{7F49A298-F5A0-4B62-9F8A-59B55F86E459}.Release|Any CPU.Build.0 = Release|Any CPU
	EndGlobalSection
	GlobalSection(SolutionProperties) = preSolution
		HideSolutionNode = FALSE
	EndGlobalSection
	GlobalSection(ExtensibilityGlobals) = postSolution
		SolutionGuid = {15BCB3BC-9474-40AE-AC66-07C0D661EE0D}
	EndGlobalSection
EndGlobal
