
Microsoft Visual Studio Solution File, Format Version 12.00
# Visual Studio Version 16
VisualStudioVersion = 16.0.31624.102
MinimumVisualStudioVersion = 10.0.40219.1
Project("{9A19103F-16F7-4668-BE54-9A1E7A4F7556}") = "CircleAreaApp", "CircleAreaApp\CircleAreaApp.csproj", "{777B1829-4A8F-4F89-8889-3DF95520B8E1}"
EndProject
Project("{9A19103F-16F7-4668-BE54-9A1E7A4F7556}") = "CircleAreaWithUserInput", "CircleAreaWithUserInput\CircleAreaWithUserInput.csproj", "{DB2D5B98-B2E2-4291-B589-ED3CD8ABAEE0}"
EndProject
Project("{9A19103F-16F7-4668-BE54-9A1E7A4F7556}") = "SSPE_Question01", "SSPE_Question01\SSPE_Question01.csproj", "{7B4C3010-8767-4AE4-BA59-6E143558227C}"
EndProject
Project("{9A19103F-16F7-4668-BE54-9A1E7A4F7556}") = "SSPE_Question02", "SSPE_Question02\SSPE_Question02.csproj", "{DC4263E9-7F11-446D-9BEF-A5020B0BC67D}"
EndProject
Project("{9A19103F-16F7-4668-BE54-9A1E7A4F7556}") = "SSPE_Question03", "SSPE_Question03\SSPE_Question03.csproj", "{23E53C8C-6B48-4A73-AC3D-2E409E913347}"
EndProject
Project("{9A19103F-16F7-4668-BE54-9A1E7A4F7556}") = "SSPE_Question04", "SSPE_Question04\SSPE_Question04.csproj", "{72503602-CEB0-4A4B-B4BA-35E83E03B6B4}"
EndProject
Project("{9A19103F-16F7-4668-BE54-9A1E7A4F7556}") = "SSPE_Question05", "SSPE_Question05\SSPE_Question05.csproj", "{D4DA93D2-8BEC-4304-AB17-5B3279F3207C}"
EndProject
Project("{9A19103F-16F7-4668-BE54-9A1E7A4F7556}") = "StringFormattingDemo", "StringFormattingDemo\StringFormattingDemo.csproj", "{BD331140-804E-46C0-B578-CC6C544C8D12}"
EndProject
Project("{9A19103F-16F7-4668-BE54-9A1E7A4F7556}") = "DMP_Questoin01", "DMP_Questoin01\DMP_Questoin01.csproj", "{E8B533F5-D250-48C2-AA78-65E56C246BF4}"
EndProject
Project("{9A19103F-16F7-4668-BE54-9A1E7A4F7556}") = "DMP_Question02", "DMP_Question02\DMP_Question02.csproj", "{D46493DC-8C07-4252-8D5B-142A62CA601F}"
EndProject
Project("{9A19103F-16F7-4668-BE54-9A1E7A4F7556}") = "DMP_Question03", "DMP_Question03\DMP_Question03.csproj", "{4EF46D20-5096-4997-AFF9-960B692D7F78}"
EndProject
Project("{9A19103F-16F7-4668-BE54-9A1E7A4F7556}") = "DMP_Question04", "DMP_Question04\DMP_Question04.csproj", "{1D688A5B-A3E5-44FB-9B44-B5735B9B074C}"
EndProject
Project("{9A19103F-16F7-4668-BE54-9A1E7A4F7556}") = "DMP_Switch_Question01", "DMP_Switch_Question01\DMP_Switch_Question01.csproj", "{B99327CA-CB37-48F7-9F3B-19A5F56C6691}"
EndProject
Project("{9A19103F-16F7-4668-BE54-9A1E7A4F7556}") = "GuessNumberOneTime", "GuessNumberOneTime\GuessNumberOneTime.csproj", "{1DF68521-BBBB-4A0D-AAC9-108F3F57B56E}"
EndProject
Project("{9A19103F-16F7-4668-BE54-9A1E7A4F7556}") = "GuessNumber", "GuessNumber\GuessNumber.csproj", "{9BF6A305-855D-41B3-B510-0D6AA5B574B0}"
EndProject
Project("{9A19103F-16F7-4668-BE54-9A1E7A4F7556}") = "GuessNumberWithBooleanFlag", "GuessNumberWithBooleanFlag\GuessNumberWithBooleanFlag.csproj", "{B0ADA910-728B-44D8-A84E-D5AB6D72EF9E}"
EndProject
Project("{9A19103F-16F7-4668-BE54-9A1E7A4F7556}") = "GuessNumberWithDoWhile", "GuessNumberWithDoWhile\GuessNumberWithDoWhile.csproj", "{0E8D2B35-C7CC-412D-A79F-374E4818C1B4}"
EndProject
Project("{9A19103F-16F7-4668-BE54-9A1E7A4F7556}") = "RectanglePattern", "RectanglePattern\RectanglePattern.csproj", "{6158E88F-F8AA-4423-834D-8780B0A59AF3}"
EndProject
Project("{9A19103F-16F7-4668-BE54-9A1E7A4F7556}") = "RectangleBoxPattern", "RectangleBoxPattern\RectangleBoxPattern.csproj", "{47E1109C-BDA7-4C7B-A931-739E0B503F39}"
EndProject
Project("{9A19103F-16F7-4668-BE54-9A1E7A4F7556}") = "TriangleBoxPattern", "TriangleBoxPattern\TriangleBoxPattern.csproj", "{1A1EAACA-D884-477E-B342-0555FF855D84}"
EndProject
Project("{FAE04EC0-301F-11D3-BF4B-00C04F79EFBC}") = "SwitchDemo", "SwitchDemo\SwitchDemo.csproj", "{EA611301-491A-45AE-880D-C877ED466793}"
EndProject
Global
	GlobalSection(SolutionConfigurationPlatforms) = preSolution
		Debug|Any CPU = Debug|Any CPU
		Release|Any CPU = Release|Any CPU
	EndGlobalSection
	GlobalSection(ProjectConfigurationPlatforms) = postSolution
		{777B1829-4A8F-4F89-8889-3DF95520B8E1}.Debug|Any CPU.ActiveCfg = Debug|Any CPU
		{777B1829-4A8F-4F89-8889-3DF95520B8E1}.Debug|Any CPU.Build.0 = Debug|Any CPU
		{777B1829-4A8F-4F89-8889-3DF95520B8E1}.Release|Any CPU.ActiveCfg = Release|Any CPU
		{777B1829-4A8F-4F89-8889-3DF95520B8E1}.Release|Any CPU.Build.0 = Release|Any CPU
		{DB2D5B98-B2E2-4291-B589-ED3CD8ABAEE0}.Debug|Any CPU.ActiveCfg = Debug|Any CPU
		{DB2D5B98-B2E2-4291-B589-ED3CD8ABAEE0}.Debug|Any CPU.Build.0 = Debug|Any CPU
		{DB2D5B98-B2E2-4291-B589-ED3CD8ABAEE0}.Release|Any CPU.ActiveCfg = Release|Any CPU
		{DB2D5B98-B2E2-4291-B589-ED3CD8ABAEE0}.Release|Any CPU.Build.0 = Release|Any CPU
		{7B4C3010-8767-4AE4-BA59-6E143558227C}.Debug|Any CPU.ActiveCfg = Debug|Any CPU
		{7B4C3010-8767-4AE4-BA59-6E143558227C}.Debug|Any CPU.Build.0 = Debug|Any CPU
		{7B4C3010-8767-4AE4-BA59-6E143558227C}.Release|Any CPU.ActiveCfg = Release|Any CPU
		{7B4C3010-8767-4AE4-BA59-6E143558227C}.Release|Any CPU.Build.0 = Release|Any CPU
		{DC4263E9-7F11-446D-9BEF-A5020B0BC67D}.Debug|Any CPU.ActiveCfg = Debug|Any CPU
		{DC4263E9-7F11-446D-9BEF-A5020B0BC67D}.Debug|Any CPU.Build.0 = Debug|Any CPU
		{DC4263E9-7F11-446D-9BEF-A5020B0BC67D}.Release|Any CPU.ActiveCfg = Release|Any CPU
		{DC4263E9-7F11-446D-9BEF-A5020B0BC67D}.Release|Any CPU.Build.0 = Release|Any CPU
		{23E53C8C-6B48-4A73-AC3D-2E409E913347}.Debug|Any CPU.ActiveCfg = Debug|Any CPU
		{23E53C8C-6B48-4A73-AC3D-2E409E913347}.Debug|Any CPU.Build.0 = Debug|Any CPU
		{23E53C8C-6B48-4A73-AC3D-2E409E913347}.Release|Any CPU.ActiveCfg = Release|Any CPU
		{23E53C8C-6B48-4A73-AC3D-2E409E913347}.Release|Any CPU.Build.0 = Release|Any CPU
		{72503602-CEB0-4A4B-B4BA-35E83E03B6B4}.Debug|Any CPU.ActiveCfg = Debug|Any CPU
		{72503602-CEB0-4A4B-B4BA-35E83E03B6B4}.Debug|Any CPU.Build.0 = Debug|Any CPU
		{72503602-CEB0-4A4B-B4BA-35E83E03B6B4}.Release|Any CPU.ActiveCfg = Release|Any CPU
		{72503602-CEB0-4A4B-B4BA-35E83E03B6B4}.Release|Any CPU.Build.0 = Release|Any CPU
		{D4DA93D2-8BEC-4304-AB17-5B3279F3207C}.Debug|Any CPU.ActiveCfg = Debug|Any CPU
		{D4DA93D2-8BEC-4304-AB17-5B3279F3207C}.Debug|Any CPU.Build.0 = Debug|Any CPU
		{D4DA93D2-8BEC-4304-AB17-5B3279F3207C}.Release|Any CPU.ActiveCfg = Release|Any CPU
		{D4DA93D2-8BEC-4304-AB17-5B3279F3207C}.Release|Any CPU.Build.0 = Release|Any CPU
		{BD331140-804E-46C0-B578-CC6C544C8D12}.Debug|Any CPU.ActiveCfg = Debug|Any CPU
		{BD331140-804E-46C0-B578-CC6C544C8D12}.Debug|Any CPU.Build.0 = Debug|Any CPU
		{BD331140-804E-46C0-B578-CC6C544C8D12}.Release|Any CPU.ActiveCfg = Release|Any CPU
		{BD331140-804E-46C0-B578-CC6C544C8D12}.Release|Any CPU.Build.0 = Release|Any CPU
		{E8B533F5-D250-48C2-AA78-65E56C246BF4}.Debug|Any CPU.ActiveCfg = Debug|Any CPU
		{E8B533F5-D250-48C2-AA78-65E56C246BF4}.Debug|Any CPU.Build.0 = Debug|Any CPU
		{E8B533F5-D250-48C2-AA78-65E56C246BF4}.Release|Any CPU.ActiveCfg = Release|Any CPU
		{E8B533F5-D250-48C2-AA78-65E56C246BF4}.Release|Any CPU.Build.0 = Release|Any CPU
		{D46493DC-8C07-4252-8D5B-142A62CA601F}.Debug|Any CPU.ActiveCfg = Debug|Any CPU
		{D46493DC-8C07-4252-8D5B-142A62CA601F}.Debug|Any CPU.Build.0 = Debug|Any CPU
		{D46493DC-8C07-4252-8D5B-142A62CA601F}.Release|Any CPU.ActiveCfg = Release|Any CPU
		{D46493DC-8C07-4252-8D5B-142A62CA601F}.Release|Any CPU.Build.0 = Release|Any CPU
		{4EF46D20-5096-4997-AFF9-960B692D7F78}.Debug|Any CPU.ActiveCfg = Debug|Any CPU
		{4EF46D20-5096-4997-AFF9-960B692D7F78}.Debug|Any CPU.Build.0 = Debug|Any CPU
		{4EF46D20-5096-4997-AFF9-960B692D7F78}.Release|Any CPU.ActiveCfg = Release|Any CPU
		{4EF46D20-5096-4997-AFF9-960B692D7F78}.Release|Any CPU.Build.0 = Release|Any CPU
		{1D688A5B-A3E5-44FB-9B44-B5735B9B074C}.Debug|Any CPU.ActiveCfg = Debug|Any CPU
		{1D688A5B-A3E5-44FB-9B44-B5735B9B074C}.Debug|Any CPU.Build.0 = Debug|Any CPU
		{1D688A5B-A3E5-44FB-9B44-B5735B9B074C}.Release|Any CPU.ActiveCfg = Release|Any CPU
		{1D688A5B-A3E5-44FB-9B44-B5735B9B074C}.Release|Any CPU.Build.0 = Release|Any CPU
		{B99327CA-CB37-48F7-9F3B-19A5F56C6691}.Debug|Any CPU.ActiveCfg = Debug|Any CPU
		{B99327CA-CB37-48F7-9F3B-19A5F56C6691}.Debug|Any CPU.Build.0 = Debug|Any CPU
		{B99327CA-CB37-48F7-9F3B-19A5F56C6691}.Release|Any CPU.ActiveCfg = Release|Any CPU
		{B99327CA-CB37-48F7-9F3B-19A5F56C6691}.Release|Any CPU.Build.0 = Release|Any CPU
		{1DF68521-BBBB-4A0D-AAC9-108F3F57B56E}.Debug|Any CPU.ActiveCfg = Debug|Any CPU
		{1DF68521-BBBB-4A0D-AAC9-108F3F57B56E}.Debug|Any CPU.Build.0 = Debug|Any CPU
		{1DF68521-BBBB-4A0D-AAC9-108F3F57B56E}.Release|Any CPU.ActiveCfg = Release|Any CPU
		{1DF68521-BBBB-4A0D-AAC9-108F3F57B56E}.Release|Any CPU.Build.0 = Release|Any CPU
		{9BF6A305-855D-41B3-B510-0D6AA5B574B0}.Debug|Any CPU.ActiveCfg = Debug|Any CPU
		{9BF6A305-855D-41B3-B510-0D6AA5B574B0}.Debug|Any CPU.Build.0 = Debug|Any CPU
		{9BF6A305-855D-41B3-B510-0D6AA5B574B0}.Release|Any CPU.ActiveCfg = Release|Any CPU
		{9BF6A305-855D-41B3-B510-0D6AA5B574B0}.Release|Any CPU.Build.0 = Release|Any CPU
		{B0ADA910-728B-44D8-A84E-D5AB6D72EF9E}.Debug|Any CPU.ActiveCfg = Debug|Any CPU
		{B0ADA910-728B-44D8-A84E-D5AB6D72EF9E}.Debug|Any CPU.Build.0 = Debug|Any CPU
		{B0ADA910-728B-44D8-A84E-D5AB6D72EF9E}.Release|Any CPU.ActiveCfg = Release|Any CPU
		{B0ADA910-728B-44D8-A84E-D5AB6D72EF9E}.Release|Any CPU.Build.0 = Release|Any CPU
		{0E8D2B35-C7CC-412D-A79F-374E4818C1B4}.Debug|Any CPU.ActiveCfg = Debug|Any CPU
		{0E8D2B35-C7CC-412D-A79F-374E4818C1B4}.Debug|Any CPU.Build.0 = Debug|Any CPU
		{0E8D2B35-C7CC-412D-A79F-374E4818C1B4}.Release|Any CPU.ActiveCfg = Release|Any CPU
		{0E8D2B35-C7CC-412D-A79F-374E4818C1B4}.Release|Any CPU.Build.0 = Release|Any CPU
		{6158E88F-F8AA-4423-834D-8780B0A59AF3}.Debug|Any CPU.ActiveCfg = Debug|Any CPU
		{6158E88F-F8AA-4423-834D-8780B0A59AF3}.Debug|Any CPU.Build.0 = Debug|Any CPU
		{6158E88F-F8AA-4423-834D-8780B0A59AF3}.Release|Any CPU.ActiveCfg = Release|Any CPU
		{6158E88F-F8AA-4423-834D-8780B0A59AF3}.Release|Any CPU.Build.0 = Release|Any CPU
		{47E1109C-BDA7-4C7B-A931-739E0B503F39}.Debug|Any CPU.ActiveCfg = Debug|Any CPU
		{47E1109C-BDA7-4C7B-A931-739E0B503F39}.Debug|Any CPU.Build.0 = Debug|Any CPU
		{47E1109C-BDA7-4C7B-A931-739E0B503F39}.Release|Any CPU.ActiveCfg = Release|Any CPU
		{47E1109C-BDA7-4C7B-A931-739E0B503F39}.Release|Any CPU.Build.0 = Release|Any CPU
		{1A1EAACA-D884-477E-B342-0555FF855D84}.Debug|Any CPU.ActiveCfg = Debug|Any CPU
		{1A1EAACA-D884-477E-B342-0555FF855D84}.Debug|Any CPU.Build.0 = Debug|Any CPU
		{1A1EAACA-D884-477E-B342-0555FF855D84}.Release|Any CPU.ActiveCfg = Release|Any CPU
		{1A1EAACA-D884-477E-B342-0555FF855D84}.Release|Any CPU.Build.0 = Release|Any CPU
		{EA611301-491A-45AE-880D-C877ED466793}.Debug|Any CPU.ActiveCfg = Debug|Any CPU
		{EA611301-491A-45AE-880D-C877ED466793}.Debug|Any CPU.Build.0 = Debug|Any CPU
		{EA611301-491A-45AE-880D-C877ED466793}.Release|Any CPU.ActiveCfg = Release|Any CPU
		{EA611301-491A-45AE-880D-C877ED466793}.Release|Any CPU.Build.0 = Release|Any CPU
	EndGlobalSection
	GlobalSection(SolutionProperties) = preSolution
		HideSolutionNode = FALSE
	EndGlobalSection
	GlobalSection(ExtensibilityGlobals) = postSolution
		SolutionGuid = {15BCB3BC-9474-40AE-AC66-07C0D661EE0D}
	EndGlobalSection
EndGlobal
